
Microsoft Visual Studio Solution File, Format Version 12.00
# Visual Studio Version 17
VisualStudioVersion = 17.4.33205.214
MinimumVisualStudioVersion = 10.0.40219.1
Project("{FAE04EC0-301F-11D3-BF4B-00C04F79EFBC}") = "AdventOfCode", "AdventOfCode\AdventOfCode.csproj", "{C1CA75BA-8CF0-48CC-8098-D0533AE21059}"
EndProject
Global
	GlobalSection(SolutionConfigurationPlatforms) = preSolution
		Debug|Any CPU = Debug|Any CPU
		Release|Any CPU = Release|Any CPU
	EndGlobalSection
	GlobalSection(ProjectConfigurationPlatforms) = postSolution
		{C1CA75BA-8CF0-48CC-8098-D0533AE21059}.Debug|Any CPU.ActiveCfg = Debug|Any CPU
		{C1CA75BA-8CF0-48CC-8098-D0533AE21059}.Debug|Any CPU.Build.0 = Debug|Any CPU
		{C1CA75BA-8CF0-48CC-8098-D0533AE21059}.Release|Any CPU.ActiveCfg = Release|Any CPU
		{C1CA75BA-8CF0-48CC-8098-D0533AE21059}.Release|Any CPU.Build.0 = Release|Any CPU
	EndGlobalSection
	GlobalSection(SolutionProperties) = preSolution
		HideSolutionNode = FALSE
	EndGlobalSection
	GlobalSection(ExtensibilityGlobals) = postSolution
		SolutionGuid = {C9183907-5A76-4350-A327-B9A41B2AB91C}
	EndGlobalSection
EndGlobal
